
Microsoft Visual Studio Solution File, Format Version 12.00
# Visual Studio Version 17
VisualStudioVersion = 17.2.32901.213
MinimumVisualStudioVersion = 10.0.40219.1
Project("{9A19103F-16F7-4668-BE54-9A1E7A4F7556}") = "RainfallAPI", "RainfallAPI\RainfallAPI.csproj", "{169A6C37-0688-4552-85EC-404821E1AF4F}"
EndProject
Project("{FAE04EC0-301F-11D3-BF4B-00C04F79EFBC}") = "RainfallAPI.Tests", "RainfallAPI.Tests\RainfallAPI.Tests.csproj", "{E1335DCB-5295-4F42-AE6F-55D93B0742BB}"
EndProject
Global
	GlobalSection(SolutionConfigurationPlatforms) = preSolution
		Debug|Any CPU = Debug|Any CPU
		Release|Any CPU = Release|Any CPU
	EndGlobalSection
	GlobalSection(ProjectConfigurationPlatforms) = postSolution
		{169A6C37-0688-4552-85EC-404821E1AF4F}.Debug|Any CPU.ActiveCfg = Debug|Any CPU
		{169A6C37-0688-4552-85EC-404821E1AF4F}.Debug|Any CPU.Build.0 = Debug|Any CPU
		{169A6C37-0688-4552-85EC-404821E1AF4F}.Release|Any CPU.ActiveCfg = Release|Any CPU
		{169A6C37-0688-4552-85EC-404821E1AF4F}.Release|Any CPU.Build.0 = Release|Any CPU
		{E1335DCB-5295-4F42-AE6F-55D93B0742BB}.Debug|Any CPU.ActiveCfg = Debug|Any CPU
		{E1335DCB-5295-4F42-AE6F-55D93B0742BB}.Debug|Any CPU.Build.0 = Debug|Any CPU
		{E1335DCB-5295-4F42-AE6F-55D93B0742BB}.Release|Any CPU.ActiveCfg = Release|Any CPU
		{E1335DCB-5295-4F42-AE6F-55D93B0742BB}.Release|Any CPU.Build.0 = Release|Any CPU
	EndGlobalSection
	GlobalSection(SolutionProperties) = preSolution
		HideSolutionNode = FALSE
	EndGlobalSection
	GlobalSection(ExtensibilityGlobals) = postSolution
		SolutionGuid = {C3100487-6241-4731-B7DA-51F4405ED894}
	EndGlobalSection
EndGlobal
